// !$*UTF8*$!
{
	archiveVersion = 1;
	classes = {
	};
	objectVersion = 56;
	objects = {

/* Begin PBXBuildFile section */
		8485B7622B5B888B00AA488A /* AppDelegate.swift in Sources */ = {isa = PBXBuildFile; fileRef = 8485B7612B5B888B00AA488A /* AppDelegate.swift */; };
		8485B7642B5B888B00AA488A /* SceneDelegate.swift in Sources */ = {isa = PBXBuildFile; fileRef = 8485B7632B5B888B00AA488A /* SceneDelegate.swift */; };
		8485B7662B5B888B00AA488A /* DetailedDayViewController.swift in Sources */ = {isa = PBXBuildFile; fileRef = 8485B7652B5B888B00AA488A /* DetailedDayViewController.swift */; };
		8485B76B2B5B888D00AA488A /* Assets.xcassets in Resources */ = {isa = PBXBuildFile; fileRef = 8485B76A2B5B888D00AA488A /* Assets.xcassets */; };
		8485B76E2B5B888D00AA488A /* LaunchScreen.storyboard in Resources */ = {isa = PBXBuildFile; fileRef = 8485B76C2B5B888D00AA488A /* LaunchScreen.storyboard */; };
		8485B7772B5B9D7400AA488A /* CalendarKit in Frameworks */ = {isa = PBXBuildFile; productRef = 8485B7762B5B9D7400AA488A /* CalendarKit */; };
		8485B7792B5B9E7D00AA488A /* EventStoreWrapper.swift in Sources */ = {isa = PBXBuildFile; fileRef = 8485B7782B5B9E7D00AA488A /* EventStoreWrapper.swift */; };
		8485B77B2B5EBEA600AA488A /* MonthViewController.swift in Sources */ = {isa = PBXBuildFile; fileRef = 8485B77A2B5EBEA600AA488A /* MonthViewController.swift */; };
		8485B77D2B5EC64000AA488A /* DateBase.swift in Sources */ = {isa = PBXBuildFile; fileRef = 8485B77C2B5EC64000AA488A /* DateBase.swift */; };
/* End PBXBuildFile section */

/* Begin PBXFileReference section */
		8485B75E2B5B888B00AA488A /* CalendarExample.app */ = {isa = PBXFileReference; explicitFileType = wrapper.application; includeInIndex = 0; path = CalendarExample.app; sourceTree = BUILT_PRODUCTS_DIR; };
		8485B7612B5B888B00AA488A /* AppDelegate.swift */ = {isa = PBXFileReference; lastKnownFileType = sourcecode.swift; path = AppDelegate.swift; sourceTree = "<group>"; };
		8485B7632B5B888B00AA488A /* SceneDelegate.swift */ = {isa = PBXFileReference; lastKnownFileType = sourcecode.swift; path = SceneDelegate.swift; sourceTree = "<group>"; };
		8485B7652B5B888B00AA488A /* DetailedDayViewController.swift */ = {isa = PBXFileReference; lastKnownFileType = sourcecode.swift; path = DetailedDayViewController.swift; sourceTree = "<group>"; };
		8485B76A2B5B888D00AA488A /* Assets.xcassets */ = {isa = PBXFileReference; lastKnownFileType = folder.assetcatalog; path = Assets.xcassets; sourceTree = "<group>"; };
		8485B76D2B5B888D00AA488A /* Base */ = {isa = PBXFileReference; lastKnownFileType = file.storyboard; name = Base; path = Base.lproj/LaunchScreen.storyboard; sourceTree = "<group>"; };
		8485B76F2B5B888D00AA488A /* Info.plist */ = {isa = PBXFileReference; lastKnownFileType = text.plist.xml; path = Info.plist; sourceTree = "<group>"; };
		8485B7782B5B9E7D00AA488A /* EventStoreWrapper.swift */ = {isa = PBXFileReference; lastKnownFileType = sourcecode.swift; path = EventStoreWrapper.swift; sourceTree = "<group>"; };
		8485B77A2B5EBEA600AA488A /* MonthViewController.swift */ = {isa = PBXFileReference; lastKnownFileType = sourcecode.swift; path = MonthViewController.swift; sourceTree = "<group>"; };
		8485B77C2B5EC64000AA488A /* DateBase.swift */ = {isa = PBXFileReference; lastKnownFileType = sourcecode.swift; path = DateBase.swift; sourceTree = "<group>"; };
/* End PBXFileReference section */

/* Begin PBXFrameworksBuildPhase section */
		8485B75B2B5B888B00AA488A /* Frameworks */ = {
			isa = PBXFrameworksBuildPhase;
			buildActionMask = 2147483647;
			files = (
				8485B7772B5B9D7400AA488A /* CalendarKit in Frameworks */,
			);
			runOnlyForDeploymentPostprocessing = 0;
		};
/* End PBXFrameworksBuildPhase section */

/* Begin PBXGroup section */
		8485B7552B5B888B00AA488A = {
			isa = PBXGroup;
			children = (
				8485B7602B5B888B00AA488A /* CalendarExample */,
				8485B75F2B5B888B00AA488A /* Products */,
			);
			sourceTree = "<group>";
		};
		8485B75F2B5B888B00AA488A /* Products */ = {
			isa = PBXGroup;
			children = (
				8485B75E2B5B888B00AA488A /* CalendarExample.app */,
			);
			name = Products;
			sourceTree = "<group>";
		};
		8485B7602B5B888B00AA488A /* CalendarExample */ = {
			isa = PBXGroup;
			children = (
				8485B7612B5B888B00AA488A /* AppDelegate.swift */,
				8485B7632B5B888B00AA488A /* SceneDelegate.swift */,
				8485B7652B5B888B00AA488A /* DetailedDayViewController.swift */,
				8485B77A2B5EBEA600AA488A /* MonthViewController.swift */,
				8485B77C2B5EC64000AA488A /* DateBase.swift */,
				8485B7782B5B9E7D00AA488A /* EventStoreWrapper.swift */,
				8485B76A2B5B888D00AA488A /* Assets.xcassets */,
				8485B76C2B5B888D00AA488A /* LaunchScreen.storyboard */,
				8485B76F2B5B888D00AA488A /* Info.plist */,
			);
			path = CalendarExample;
			sourceTree = "<group>";
		};
/* End PBXGroup section */

/* Begin PBXNativeTarget section */
		8485B75D2B5B888B00AA488A /* CalendarExample */ = {
			isa = PBXNativeTarget;
			buildConfigurationList = 8485B7722B5B888D00AA488A /* Build configuration list for PBXNativeTarget "CalendarExample" */;
			buildPhases = (
				8485B75A2B5B888B00AA488A /* Sources */,
				8485B75B2B5B888B00AA488A /* Frameworks */,
				8485B75C2B5B888B00AA488A /* Resources */,
			);
			buildRules = (
			);
			dependencies = (
			);
			name = CalendarExample;
			packageProductDependencies = (
				8485B7762B5B9D7400AA488A /* CalendarKit */,
			);
			productName = CalendarExample;
			productReference = 8485B75E2B5B888B00AA488A /* CalendarExample.app */;
			productType = "com.apple.product-type.application";
		};
/* End PBXNativeTarget section */

/* Begin PBXProject section */
		8485B7562B5B888B00AA488A /* Project object */ = {
			isa = PBXProject;
			attributes = {
				BuildIndependentTargetsInParallel = 1;
				LastSwiftUpdateCheck = 1520;
				LastUpgradeCheck = 1520;
				TargetAttributes = {
					8485B75D2B5B888B00AA488A = {
						CreatedOnToolsVersion = 15.2;
					};
				};
			};
			buildConfigurationList = 8485B7592B5B888B00AA488A /* Build configuration list for PBXProject "CalendarExample" */;
			compatibilityVersion = "Xcode 14.0";
			developmentRegion = en;
			hasScannedForEncodings = 0;
			knownRegions = (
				en,
				Base,
			);
			mainGroup = 8485B7552B5B888B00AA488A;
			packageReferences = (
				8485B7752B5B9D7400AA488A /* XCRemoteSwiftPackageReference "CalendarKit" */,
			);
			productRefGroup = 8485B75F2B5B888B00AA488A /* Products */;
			projectDirPath = "";
			projectRoot = "";
			targets = (
				8485B75D2B5B888B00AA488A /* CalendarExample */,
			);
		};
/* End PBXProject section */

/* Begin PBXResourcesBuildPhase section */
		8485B75C2B5B888B00AA488A /* Resources */ = {
			isa = PBXResourcesBuildPhase;
			buildActionMask = 2147483647;
			files = (
				8485B76E2B5B888D00AA488A /* LaunchScreen.storyboard in Resources */,
				8485B76B2B5B888D00AA488A /* Assets.xcassets in Resources */,
			);
			runOnlyForDeploymentPostprocessing = 0;
		};
/* End PBXResourcesBuildPhase section */

/* Begin PBXSourcesBuildPhase section */
		8485B75A2B5B888B00AA488A /* Sources */ = {
			isa = PBXSourcesBuildPhase;
			buildActionMask = 2147483647;
			files = (
				8485B77D2B5EC64000AA488A /* DateBase.swift in Sources */,
				8485B7662B5B888B00AA488A /* DetailedDayViewController.swift in Sources */,
				8485B7622B5B888B00AA488A /* AppDelegate.swift in Sources */,
				8485B77B2B5EBEA600AA488A /* MonthViewController.swift in Sources */,
				8485B7792B5B9E7D00AA488A /* EventStoreWrapper.swift in Sources */,
				8485B7642B5B888B00AA488A /* SceneDelegate.swift in Sources */,
			);
			runOnlyForDeploymentPostprocessing = 0;
		};
/* End PBXSourcesBuildPhase section */

/* Begin PBXVariantGroup section */
		8485B76C2B5B888D00AA488A /* LaunchScreen.storyboard */ = {
			isa = PBXVariantGroup;
			children = (
				8485B76D2B5B888D00AA488A /* Base */,
			);
			name = LaunchScreen.storyboard;
			sourceTree = "<group>";
		};
/* End PBXVariantGroup section */

/* Begin XCBuildConfiguration section */
		8485B7702B5B888D00AA488A /* Debug */ = {
			isa = XCBuildConfiguration;
			buildSettings = {
				ALWAYS_SEARCH_USER_PATHS = NO;
				ASSETCATALOG_COMPILER_GENERATE_SWIFT_ASSET_SYMBOL_EXTENSIONS = YES;
				CLANG_ANALYZER_NONNULL = YES;
				CLANG_ANALYZER_NUMBER_OBJECT_CONVERSION = YES_AGGRESSIVE;
				CLANG_CXX_LANGUAGE_STANDARD = "gnu++20";
				CLANG_ENABLE_MODULES = YES;
				CLANG_ENABLE_OBJC_ARC = YES;
				CLANG_ENABLE_OBJC_WEAK = YES;
				CLANG_WARN_BLOCK_CAPTURE_AUTORELEASING = YES;
				CLANG_WARN_BOOL_CONVERSION = YES;
				CLANG_WARN_COMMA = YES;
				CLANG_WARN_CONSTANT_CONVERSION = YES;
				CLANG_WARN_DEPRECATED_OBJC_IMPLEMENTATIONS = YES;
				CLANG_WARN_DIRECT_OBJC_ISA_USAGE = YES_ERROR;
				CLANG_WARN_DOCUMENTATION_COMMENTS = YES;
				CLANG_WARN_EMPTY_BODY = YES;
				CLANG_WARN_ENUM_CONVERSION = YES;
				CLANG_WARN_INFINITE_RECURSION = YES;
				CLANG_WARN_INT_CONVERSION = YES;
				CLANG_WARN_NON_LITERAL_NULL_CONVERSION = YES;
				CLANG_WARN_OBJC_IMPLICIT_RETAIN_SELF = YES;
				CLANG_WARN_OBJC_LITERAL_CONVERSION = YES;
				CLANG_WARN_OBJC_ROOT_CLASS = YES_ERROR;
				CLANG_WARN_QUOTED_INCLUDE_IN_FRAMEWORK_HEADER = YES;
				CLANG_WARN_RANGE_LOOP_ANALYSIS = YES;
				CLANG_WARN_STRICT_PROTOTYPES = YES;
				CLANG_WARN_SUSPICIOUS_MOVE = YES;
				CLANG_WARN_UNGUARDED_AVAILABILITY = YES_AGGRESSIVE;
				CLANG_WARN_UNREACHABLE_CODE = YES;
				CLANG_WARN__DUPLICATE_METHOD_MATCH = YES;
				COPY_PHASE_STRIP = NO;
				DEBUG_INFORMATION_FORMAT = dwarf;
				ENABLE_STRICT_OBJC_MSGSEND = YES;
				ENABLE_TESTABILITY = YES;
				ENABLE_USER_SCRIPT_SANDBOXING = YES;
				GCC_C_LANGUAGE_STANDARD = gnu17;
				GCC_DYNAMIC_NO_PIC = NO;
				GCC_NO_COMMON_BLOCKS = YES;
				GCC_OPTIMIZATION_LEVEL = 0;
				GCC_PREPROCESSOR_DEFINITIONS = (
					"DEBUG=1",
					"$(inherited)",
				);
				GCC_WARN_64_TO_32_BIT_CONVERSION = YES;
				GCC_WARN_ABOUT_RETURN_TYPE = YES_ERROR;
				GCC_WARN_UNDECLARED_SELECTOR = YES;
				GCC_WARN_UNINITIALIZED_AUTOS = YES_AGGRESSIVE;
				GCC_WARN_UNUSED_FUNCTION = YES;
				GCC_WARN_UNUSED_VARIABLE = YES;
				IPHONEOS_DEPLOYMENT_TARGET = 17.2;
				LOCALIZATION_PREFERS_STRING_CATALOGS = YES;
				MTL_ENABLE_DEBUG_INFO = INCLUDE_SOURCE;
				MTL_FAST_MATH = YES;
				ONLY_ACTIVE_ARCH = YES;
				SDKROOT = iphoneos;
				SWIFT_ACTIVE_COMPILATION_CONDITIONS = "DEBUG $(inherited)";
				SWIFT_OPTIMIZATION_LEVEL = "-Onone";
			};
			name = Debug;
		};
		8485B7712B5B888D00AA488A /* Release */ = {
			isa = XCBuildConfiguration;
			buildSettings = {
				ALWAYS_SEARCH_USER_PATHS = NO;
				ASSETCATALOG_COMPILER_GENERATE_SWIFT_ASSET_SYMBOL_EXTENSIONS = YES;
				CLANG_ANALYZER_NONNULL = YES;
				CLANG_ANALYZER_NUMBER_OBJECT_CONVERSION = YES_AGGRESSIVE;
				CLANG_CXX_LANGUAGE_STANDARD = "gnu++20";
				CLANG_ENABLE_MODULES = YES;
				CLANG_ENABLE_OBJC_ARC = YES;
				CLANG_ENABLE_OBJC_WEAK = YES;
				CLANG_WARN_BLOCK_CAPTURE_AUTORELEASING = YES;
				CLANG_WARN_BOOL_CONVERSION = YES;
				CLANG_WARN_COMMA = YES;
				CLANG_WARN_CONSTANT_CONVERSION = YES;
				CLANG_WARN_DEPRECATED_OBJC_IMPLEMENTATIONS = YES;
				CLANG_WARN_DIRECT_OBJC_ISA_USAGE = YES_ERROR;
				CLANG_WARN_DOCUMENTATION_COMMENTS = YES;
				CLANG_WARN_EMPTY_BODY = YES;
				CLANG_WARN_ENUM_CONVERSION = YES;
				CLANG_WARN_INFINITE_RECURSION = YES;
				CLANG_WARN_INT_CONVERSION = YES;
				CLANG_WARN_NON_LITERAL_NULL_CONVERSION = YES;
				CLANG_WARN_OBJC_IMPLICIT_RETAIN_SELF = YES;
				CLANG_WARN_OBJC_LITERAL_CONVERSION = YES;
				CLANG_WARN_OBJC_ROOT_CLASS = YES_ERROR;
				CLANG_WARN_QUOTED_INCLUDE_IN_FRAMEWORK_HEADER = YES;
				CLANG_WARN_RANGE_LOOP_ANALYSIS = YES;
				CLANG_WARN_STRICT_PROTOTYPES = YES;
				CLANG_WARN_SUSPICIOUS_MOVE = YES;
				CLANG_WARN_UNGUARDED_AVAILABILITY = YES_AGGRESSIVE;
				CLANG_WARN_UNREACHABLE_CODE = YES;
				CLANG_WARN__DUPLICATE_METHOD_MATCH = YES;
				COPY_PHASE_STRIP = NO;
				DEBUG_INFORMATION_FORMAT = "dwarf-with-dsym";
				ENABLE_NS_ASSERTIONS = NO;
				ENABLE_STRICT_OBJC_MSGSEND = YES;
				ENABLE_USER_SCRIPT_SANDBOXING = YES;
				GCC_C_LANGUAGE_STANDARD = gnu17;
				GCC_NO_COMMON_BLOCKS = YES;
				GCC_WARN_64_TO_32_BIT_CONVERSION = YES;
				GCC_WARN_ABOUT_RETURN_TYPE = YES_ERROR;
				GCC_WARN_UNDECLARED_SELECTOR = YES;
				GCC_WARN_UNINITIALIZED_AUTOS = YES_AGGRESSIVE;
				GCC_WARN_UNUSED_FUNCTION = YES;
				GCC_WARN_UNUSED_VARIABLE = YES;
				IPHONEOS_DEPLOYMENT_TARGET = 17.2;
				LOCALIZATION_PREFERS_STRING_CATALOGS = YES;
				MTL_ENABLE_DEBUG_INFO = NO;
				MTL_FAST_MATH = YES;
				SDKROOT = iphoneos;
				SWIFT_COMPILATION_MODE = wholemodule;
				VALIDATE_PRODUCT = YES;
			};
			name = Release;
		};
		8485B7732B5B888D00AA488A /* Debug */ = {
			isa = XCBuildConfiguration;
			buildSettings = {
				ASSETCATALOG_COMPILER_APPICON_NAME = AppIcon;
				ASSETCATALOG_COMPILER_GLOBAL_ACCENT_COLOR_NAME = AccentColor;
				CODE_SIGN_STYLE = Automatic;
				CURRENT_PROJECT_VERSION = 1;
				DEVELOPMENT_TEAM = VHDFTCABKC;
				GENERATE_INFOPLIST_FILE = YES;
				INFOPLIST_FILE = CalendarExample/Info.plist;
				INFOPLIST_KEY_UIApplicationSupportsIndirectInputEvents = YES;
				INFOPLIST_KEY_UILaunchStoryboardName = LaunchScreen;
				INFOPLIST_KEY_UISupportedInterfaceOrientations = UIInterfaceOrientationPortrait;
				INFOPLIST_KEY_UISupportedInterfaceOrientations_iPad = "UIInterfaceOrientationLandscapeLeft UIInterfaceOrientationLandscapeRight UIInterfaceOrientationPortrait UIInterfaceOrientationPortraitUpsideDown";
				IPHONEOS_DEPLOYMENT_TARGET = 16.0;
				LD_RUNPATH_SEARCH_PATHS = (
					"$(inherited)",
					"@executable_path/Frameworks",
				);
				MARKETING_VERSION = 1.0;
				PRODUCT_BUNDLE_IDENTIFIER = ru.EgorChekulaev.CalendarExample;
				PRODUCT_NAME = "$(TARGET_NAME)";
				SUPPORTED_PLATFORMS = "iphoneos iphonesimulator";
				SUPPORTS_MACCATALYST = NO;
				SUPPORTS_XR_DESIGNED_FOR_IPHONE_IPAD = NO;
				SWIFT_EMIT_LOC_STRINGS = YES;
				SWIFT_VERSION = 5.0;
				TARGETED_DEVICE_FAMILY = 1;
			};
			name = Debug;
		};
		8485B7742B5B888D00AA488A /* Release */ = {
			isa = XCBuildConfiguration;
			buildSettings = {
				ASSETCATALOG_COMPILER_APPICON_NAME = AppIcon;
				ASSETCATALOG_COMPILER_GLOBAL_ACCENT_COLOR_NAME = AccentColor;
				CODE_SIGN_STYLE = Automatic;
				CURRENT_PROJECT_VERSION = 1;
				DEVELOPMENT_TEAM = VHDFTCABKC;
				GENERATE_INFOPLIST_FILE = YES;
				INFOPLIST_FILE = CalendarExample/Info.plist;
				INFOPLIST_KEY_UIApplicationSupportsIndirectInputEvents = YES;
				INFOPLIST_KEY_UILaunchStoryboardName = LaunchScreen;
				INFOPLIST_KEY_UISupportedInterfaceOrientations = UIInterfaceOrientationPortrait;
				INFOPLIST_KEY_UISupportedInterfaceOrientations_iPad = "UIInterfaceOrientationLandscapeLeft UIInterfaceOrientationLandscapeRight UIInterfaceOrientationPortrait UIInterfaceOrientationPortraitUpsideDown";
				IPHONEOS_DEPLOYMENT_TARGET = 16.0;
				LD_RUNPATH_SEARCH_PATHS = (
					"$(inherited)",
					"@executable_path/Frameworks",
				);
				MARKETING_VERSION = 1.0;
				PRODUCT_BUNDLE_IDENTIFIER = ru.EgorChekulaev.CalendarExample;
				PRODUCT_NAME = "$(TARGET_NAME)";
				SUPPORTED_PLATFORMS = "iphoneos iphonesimulator";
				SUPPORTS_MACCATALYST = NO;
				SUPPORTS_XR_DESIGNED_FOR_IPHONE_IPAD = NO;
				SWIFT_EMIT_LOC_STRINGS = YES;
				SWIFT_VERSION = 5.0;
				TARGETED_DEVICE_FAMILY = 1;
			};
			name = Release;
		};
/* End XCBuildConfiguration section */

/* Begin XCConfigurationList section */
		8485B7592B5B888B00AA488A /* Build configuration list for PBXProject "CalendarExample" */ = {
			isa = XCConfigurationList;
			buildConfigurations = (
				8485B7702B5B888D00AA488A /* Debug */,
				8485B7712B5B888D00AA488A /* Release */,
			);
			defaultConfigurationIsVisible = 0;
			defaultConfigurationName = Release;
		};
		8485B7722B5B888D00AA488A /* Build configuration list for PBXNativeTarget "CalendarExample" */ = {
			isa = XCConfigurationList;
			buildConfigurations = (
				8485B7732B5B888D00AA488A /* Debug */,
				8485B7742B5B888D00AA488A /* Release */,
			);
			defaultConfigurationIsVisible = 0;
			defaultConfigurationName = Release;
		};
/* End XCConfigurationList section */

/* Begin XCRemoteSwiftPackageReference section */
		8485B7752B5B9D7400AA488A /* XCRemoteSwiftPackageReference "CalendarKit" */ = {
			isa = XCRemoteSwiftPackageReference;
			repositoryURL = "https://github.com/richardtop/CalendarKit";
			requirement = {
				kind = upToNextMajorVersion;
				minimumVersion = 1.1.9;
			};
		};
/* End XCRemoteSwiftPackageReference section */

/* Begin XCSwiftPackageProductDependency section */
		8485B7762B5B9D7400AA488A /* CalendarKit */ = {
			isa = XCSwiftPackageProductDependency;
			package = 8485B7752B5B9D7400AA488A /* XCRemoteSwiftPackageReference "CalendarKit" */;
			productName = CalendarKit;
		};
/* End XCSwiftPackageProductDependency section */
	};
	rootObject = 8485B7562B5B888B00AA488A /* Project object */;
}
